
Microsoft Visual Studio Solution File, Format Version 12.00
# Visual Studio Version 16
VisualStudioVersion = 16.0.30225.117
MinimumVisualStudioVersion = 10.0.40219.1
Project("{9A19103F-16F7-4668-BE54-9A1E7A4F7556}") = "EntityFramework.Samples.Shared", "src\EntityFramework.Samples.Shared\EntityFramework.Samples.Shared.csproj", "{37A2A8E8-04EB-449E-88CA-24CFA1F5E826}"
EndProject
Project("{9A19103F-16F7-4668-BE54-9A1E7A4F7556}") = "EntityFramework.Samples.Logging", "src\EntityFramework.Samples.Logging\EntityFramework.Samples.Logging.csproj", "{280559A9-556C-47D2-8D47-B4D237B8CC48}"
EndProject
Project("{FAE04EC0-301F-11D3-BF4B-00C04F79EFBC}") = "EntityFramework.Samples.ConnectionResiliency", "src\EntityFramework.Samples.ConnectionResiliency\EntityFramework.Samples.ConnectionResiliency.csproj", "{171325CF-DD97-40C3-9F8C-F08700716370}"
EndProject
Global
	GlobalSection(SolutionConfigurationPlatforms) = preSolution
		Debug|Any CPU = Debug|Any CPU
		Release|Any CPU = Release|Any CPU
	EndGlobalSection
	GlobalSection(ProjectConfigurationPlatforms) = postSolution
		{37A2A8E8-04EB-449E-88CA-24CFA1F5E826}.Debug|Any CPU.ActiveCfg = Debug|Any CPU
		{37A2A8E8-04EB-449E-88CA-24CFA1F5E826}.Debug|Any CPU.Build.0 = Debug|Any CPU
		{37A2A8E8-04EB-449E-88CA-24CFA1F5E826}.Release|Any CPU.ActiveCfg = Release|Any CPU
		{37A2A8E8-04EB-449E-88CA-24CFA1F5E826}.Release|Any CPU.Build.0 = Release|Any CPU
		{280559A9-556C-47D2-8D47-B4D237B8CC48}.Debug|Any CPU.ActiveCfg = Debug|Any CPU
		{280559A9-556C-47D2-8D47-B4D237B8CC48}.Debug|Any CPU.Build.0 = Debug|Any CPU
		{280559A9-556C-47D2-8D47-B4D237B8CC48}.Release|Any CPU.ActiveCfg = Release|Any CPU
		{280559A9-556C-47D2-8D47-B4D237B8CC48}.Release|Any CPU.Build.0 = Release|Any CPU
		{171325CF-DD97-40C3-9F8C-F08700716370}.Debug|Any CPU.ActiveCfg = Debug|Any CPU
		{171325CF-DD97-40C3-9F8C-F08700716370}.Debug|Any CPU.Build.0 = Debug|Any CPU
		{171325CF-DD97-40C3-9F8C-F08700716370}.Release|Any CPU.ActiveCfg = Release|Any CPU
		{171325CF-DD97-40C3-9F8C-F08700716370}.Release|Any CPU.Build.0 = Release|Any CPU
	EndGlobalSection
	GlobalSection(SolutionProperties) = preSolution
		HideSolutionNode = FALSE
	EndGlobalSection
	GlobalSection(ExtensibilityGlobals) = postSolution
		SolutionGuid = {AD947F0A-4E24-458E-9603-6B5C6332F63B}
	EndGlobalSection
EndGlobal
