
Microsoft Visual Studio Solution File, Format Version 12.00
# Visual Studio 15
VisualStudioVersion = 15.0.28307.271
MinimumVisualStudioVersion = 10.0.40219.1
Project("{FAE04EC0-301F-11D3-BF4B-00C04F79EFBC}") = "EntityFramework.Samples.UnitOfWork", "EntityFramework.Samples.UnitOfWork\EntityFramework.Samples.UnitOfWork.csproj", "{1B04FB41-A4BF-4161-98D7-F8491C6BF1CB}"
EndProject
Global
	GlobalSection(SolutionConfigurationPlatforms) = preSolution
		Debug|Any CPU = Debug|Any CPU
		Release|Any CPU = Release|Any CPU
	EndGlobalSection
	GlobalSection(ProjectConfigurationPlatforms) = postSolution
		{1B04FB41-A4BF-4161-98D7-F8491C6BF1CB}.Debug|Any CPU.ActiveCfg = Debug|Any CPU
		{1B04FB41-A4BF-4161-98D7-F8491C6BF1CB}.Debug|Any CPU.Build.0 = Debug|Any CPU
		{1B04FB41-A4BF-4161-98D7-F8491C6BF1CB}.Release|Any CPU.ActiveCfg = Release|Any CPU
		{1B04FB41-A4BF-4161-98D7-F8491C6BF1CB}.Release|Any CPU.Build.0 = Release|Any CPU
	EndGlobalSection
	GlobalSection(SolutionProperties) = preSolution
		HideSolutionNode = FALSE
	EndGlobalSection
	GlobalSection(ExtensibilityGlobals) = postSolution
		SolutionGuid = {AD947F0A-4E24-458E-9603-6B5C6332F63B}
	EndGlobalSection
EndGlobal
